
Microsoft Visual Studio Solution File, Format Version 12.00
# Visual Studio Version 17
VisualStudioVersion = 17.14.36603.0
MinimumVisualStudioVersion = 10.0.40219.1
Project("{FAE04EC0-301F-11D3-BF4B-00C04F79EFBC}") = "Api", "Api\Api.csproj", "{2EB34B06-CED7-4F6B-884B-872C1F3A3A2E}"
EndProject
Project("{FAE04EC0-301F-11D3-BF4B-00C04F79EFBC}") = "Data", "Data\Data.csproj", "{7732C8D5-322C-43DB-A7E4-2E82B6C35096}"
EndProject
Project("{FAE04EC0-301F-11D3-BF4B-00C04F79EFBC}") = "Models", "Models\Models.csproj", "{1629C78F-93FE-4597-A4A8-2C2E72C5C767}"
EndProject
Project("{FAE04EC0-301F-11D3-BF4B-00C04F79EFBC}") = "Utilidades", "Utilidades\Utilidades.csproj", "{62B3F707-2106-4621-B527-6A2D548E2E96}"
EndProject
Project("{FAE04EC0-301F-11D3-BF4B-00C04F79EFBC}") = "BLL", "BLL\BLL.csproj", "{FD29CE54-492F-422F-A392-B9D5278D5620}"
EndProject
Global
	GlobalSection(SolutionConfigurationPlatforms) = preSolution
		Debug|Any CPU = Debug|Any CPU
		Release|Any CPU = Release|Any CPU
	EndGlobalSection
	GlobalSection(ProjectConfigurationPlatforms) = postSolution
		{2EB34B06-CED7-4F6B-884B-872C1F3A3A2E}.Debug|Any CPU.ActiveCfg = Debug|Any CPU
		{2EB34B06-CED7-4F6B-884B-872C1F3A3A2E}.Debug|Any CPU.Build.0 = Debug|Any CPU
		{2EB34B06-CED7-4F6B-884B-872C1F3A3A2E}.Release|Any CPU.ActiveCfg = Release|Any CPU
		{2EB34B06-CED7-4F6B-884B-872C1F3A3A2E}.Release|Any CPU.Build.0 = Release|Any CPU
		{7732C8D5-322C-43DB-A7E4-2E82B6C35096}.Debug|Any CPU.ActiveCfg = Debug|Any CPU
		{7732C8D5-322C-43DB-A7E4-2E82B6C35096}.Debug|Any CPU.Build.0 = Debug|Any CPU
		{7732C8D5-322C-43DB-A7E4-2E82B6C35096}.Release|Any CPU.ActiveCfg = Release|Any CPU
		{7732C8D5-322C-43DB-A7E4-2E82B6C35096}.Release|Any CPU.Build.0 = Release|Any CPU
		{1629C78F-93FE-4597-A4A8-2C2E72C5C767}.Debug|Any CPU.ActiveCfg = Debug|Any CPU
		{1629C78F-93FE-4597-A4A8-2C2E72C5C767}.Debug|Any CPU.Build.0 = Debug|Any CPU
		{1629C78F-93FE-4597-A4A8-2C2E72C5C767}.Release|Any CPU.ActiveCfg = Release|Any CPU
		{1629C78F-93FE-4597-A4A8-2C2E72C5C767}.Release|Any CPU.Build.0 = Release|Any CPU
		{62B3F707-2106-4621-B527-6A2D548E2E96}.Debug|Any CPU.ActiveCfg = Debug|Any CPU
		{62B3F707-2106-4621-B527-6A2D548E2E96}.Debug|Any CPU.Build.0 = Debug|Any CPU
		{62B3F707-2106-4621-B527-6A2D548E2E96}.Release|Any CPU.ActiveCfg = Release|Any CPU
		{62B3F707-2106-4621-B527-6A2D548E2E96}.Release|Any CPU.Build.0 = Release|Any CPU
		{FD29CE54-492F-422F-A392-B9D5278D5620}.Debug|Any CPU.ActiveCfg = Debug|Any CPU
		{FD29CE54-492F-422F-A392-B9D5278D5620}.Debug|Any CPU.Build.0 = Debug|Any CPU
		{FD29CE54-492F-422F-A392-B9D5278D5620}.Release|Any CPU.ActiveCfg = Release|Any CPU
		{FD29CE54-492F-422F-A392-B9D5278D5620}.Release|Any CPU.Build.0 = Release|Any CPU
	EndGlobalSection
	GlobalSection(SolutionProperties) = preSolution
		HideSolutionNode = FALSE
	EndGlobalSection
	GlobalSection(ExtensibilityGlobals) = postSolution
		SolutionGuid = {31DC5A39-348B-4C03-AD75-EF272C4BFC15}
	EndGlobalSection
EndGlobal
